// !$*UTF8*$!
{
	archiveVersion = 1;
	classes = {
	};
	objectVersion = 50;
	objects = {

/* Begin PBXBuildFile section */
		702488502674B15800C69C92 /* Tests_iOS.swift in Sources */ = {isa = PBXBuildFile; fileRef = 7024884F2674B15800C69C92 /* Tests_iOS.swift */; };
		7024885B2674B15800C69C92 /* Tests_macOS.swift in Sources */ = {isa = PBXBuildFile; fileRef = 7024885A2674B15800C69C92 /* Tests_macOS.swift */; };
		7024885D2674B15800C69C92 /* twitter_clone_swiftuiApp.swift in Sources */ = {isa = PBXBuildFile; fileRef = 702488342674B15500C69C92 /* twitter_clone_swiftuiApp.swift */; };
		7024885E2674B15800C69C92 /* twitter_clone_swiftuiApp.swift in Sources */ = {isa = PBXBuildFile; fileRef = 702488342674B15500C69C92 /* twitter_clone_swiftuiApp.swift */; };
		7024885F2674B15800C69C92 /* ContentView.swift in Sources */ = {isa = PBXBuildFile; fileRef = 702488352674B15500C69C92 /* ContentView.swift */; };
		702488602674B15800C69C92 /* ContentView.swift in Sources */ = {isa = PBXBuildFile; fileRef = 702488352674B15500C69C92 /* ContentView.swift */; };
		702488612674B15800C69C92 /* Assets.xcassets in Resources */ = {isa = PBXBuildFile; fileRef = 702488362674B15800C69C92 /* Assets.xcassets */; };
		702488622674B15800C69C92 /* Assets.xcassets in Resources */ = {isa = PBXBuildFile; fileRef = 702488362674B15800C69C92 /* Assets.xcassets */; };
		70E48D1A268878A100A0D750 /* AppNavBar.swift in Sources */ = {isa = PBXBuildFile; fileRef = 70E48D19268878A100A0D750 /* AppNavBar.swift */; };
		70E48D1B268878A100A0D750 /* AppNavBar.swift in Sources */ = {isa = PBXBuildFile; fileRef = 70E48D19268878A100A0D750 /* AppNavBar.swift */; };
/* End PBXBuildFile section */

/* Begin PBXContainerItemProxy section */
		7024884C2674B15800C69C92 /* PBXContainerItemProxy */ = {
			isa = PBXContainerItemProxy;
			containerPortal = 7024882F2674B15500C69C92 /* Project object */;
			proxyType = 1;
			remoteGlobalIDString = 7024883A2674B15800C69C92;
			remoteInfo = "twitter_clone_swiftui (iOS)";
		};
		702488572674B15800C69C92 /* PBXContainerItemProxy */ = {
			isa = PBXContainerItemProxy;
			containerPortal = 7024882F2674B15500C69C92 /* Project object */;
			proxyType = 1;
			remoteGlobalIDString = 702488422674B15800C69C92;
			remoteInfo = "twitter_clone_swiftui (macOS)";
		};
/* End PBXContainerItemProxy section */

/* Begin PBXFileReference section */
		702488342674B15500C69C92 /* twitter_clone_swiftuiApp.swift */ = {isa = PBXFileReference; lastKnownFileType = sourcecode.swift; path = twitter_clone_swiftuiApp.swift; sourceTree = "<group>"; };
		702488352674B15500C69C92 /* ContentView.swift */ = {isa = PBXFileReference; lastKnownFileType = sourcecode.swift; path = ContentView.swift; sourceTree = "<group>"; };
		702488362674B15800C69C92 /* Assets.xcassets */ = {isa = PBXFileReference; lastKnownFileType = folder.assetcatalog; path = Assets.xcassets; sourceTree = "<group>"; };
		7024883B2674B15800C69C92 /* twitter_clone_swiftui.app */ = {isa = PBXFileReference; explicitFileType = wrapper.application; includeInIndex = 0; path = twitter_clone_swiftui.app; sourceTree = BUILT_PRODUCTS_DIR; };
		7024883E2674B15800C69C92 /* Info.plist */ = {isa = PBXFileReference; lastKnownFileType = text.plist.xml; path = Info.plist; sourceTree = "<group>"; };
		702488432674B15800C69C92 /* twitter_clone_swiftui.app */ = {isa = PBXFileReference; explicitFileType = wrapper.application; includeInIndex = 0; path = twitter_clone_swiftui.app; sourceTree = BUILT_PRODUCTS_DIR; };
		702488452674B15800C69C92 /* Info.plist */ = {isa = PBXFileReference; lastKnownFileType = text.plist.xml; path = Info.plist; sourceTree = "<group>"; };
		702488462674B15800C69C92 /* macOS.entitlements */ = {isa = PBXFileReference; lastKnownFileType = text.plist.entitlements; path = macOS.entitlements; sourceTree = "<group>"; };
		7024884B2674B15800C69C92 /* Tests iOS.xctest */ = {isa = PBXFileReference; explicitFileType = wrapper.cfbundle; includeInIndex = 0; path = "Tests iOS.xctest"; sourceTree = BUILT_PRODUCTS_DIR; };
		7024884F2674B15800C69C92 /* Tests_iOS.swift */ = {isa = PBXFileReference; lastKnownFileType = sourcecode.swift; path = Tests_iOS.swift; sourceTree = "<group>"; };
		702488512674B15800C69C92 /* Info.plist */ = {isa = PBXFileReference; lastKnownFileType = text.plist.xml; path = Info.plist; sourceTree = "<group>"; };
		702488562674B15800C69C92 /* Tests macOS.xctest */ = {isa = PBXFileReference; explicitFileType = wrapper.cfbundle; includeInIndex = 0; path = "Tests macOS.xctest"; sourceTree = BUILT_PRODUCTS_DIR; };
		7024885A2674B15800C69C92 /* Tests_macOS.swift */ = {isa = PBXFileReference; lastKnownFileType = sourcecode.swift; path = Tests_macOS.swift; sourceTree = "<group>"; };
		7024885C2674B15800C69C92 /* Info.plist */ = {isa = PBXFileReference; lastKnownFileType = text.plist.xml; path = Info.plist; sourceTree = "<group>"; };
		70E48D19268878A100A0D750 /* AppNavBar.swift */ = {isa = PBXFileReference; lastKnownFileType = sourcecode.swift; path = AppNavBar.swift; sourceTree = "<group>"; };
/* End PBXFileReference section */

/* Begin PBXFrameworksBuildPhase section */
		702488382674B15800C69C92 /* Frameworks */ = {
			isa = PBXFrameworksBuildPhase;
			buildActionMask = 2147483647;
			files = (
			);
			runOnlyForDeploymentPostprocessing = 0;
		};
		702488402674B15800C69C92 /* Frameworks */ = {
			isa = PBXFrameworksBuildPhase;
			buildActionMask = 2147483647;
			files = (
			);
			runOnlyForDeploymentPostprocessing = 0;
		};
		702488482674B15800C69C92 /* Frameworks */ = {
			isa = PBXFrameworksBuildPhase;
			buildActionMask = 2147483647;
			files = (
			);
			runOnlyForDeploymentPostprocessing = 0;
		};
		702488532674B15800C69C92 /* Frameworks */ = {
			isa = PBXFrameworksBuildPhase;
			buildActionMask = 2147483647;
			files = (
			);
			runOnlyForDeploymentPostprocessing = 0;
		};
/* End PBXFrameworksBuildPhase section */

/* Begin PBXGroup section */
		7024882E2674B15500C69C92 = {
			isa = PBXGroup;
			children = (
				702488332674B15500C69C92 /* Shared */,
				7024883D2674B15800C69C92 /* iOS */,
				702488442674B15800C69C92 /* macOS */,
				7024884E2674B15800C69C92 /* Tests iOS */,
				702488592674B15800C69C92 /* Tests macOS */,
				7024883C2674B15800C69C92 /* Products */,
			);
			sourceTree = "<group>";
		};
		702488332674B15500C69C92 /* Shared */ = {
			isa = PBXGroup;
			children = (
				702488342674B15500C69C92 /* twitter_clone_swiftuiApp.swift */,
				702488352674B15500C69C92 /* ContentView.swift */,
				702488362674B15800C69C92 /* Assets.xcassets */,
				70E48D19268878A100A0D750 /* AppNavBar.swift */,
			);
			path = Shared;
			sourceTree = "<group>";
		};
		7024883C2674B15800C69C92 /* Products */ = {
			isa = PBXGroup;
			children = (
				7024883B2674B15800C69C92 /* twitter_clone_swiftui.app */,
				702488432674B15800C69C92 /* twitter_clone_swiftui.app */,
				7024884B2674B15800C69C92 /* Tests iOS.xctest */,
				702488562674B15800C69C92 /* Tests macOS.xctest */,
			);
			name = Products;
			sourceTree = "<group>";
		};
		7024883D2674B15800C69C92 /* iOS */ = {
			isa = PBXGroup;
			children = (
				7024883E2674B15800C69C92 /* Info.plist */,
			);
			path = iOS;
			sourceTree = "<group>";
		};
		702488442674B15800C69C92 /* macOS */ = {
			isa = PBXGroup;
			children = (
				702488452674B15800C69C92 /* Info.plist */,
				702488462674B15800C69C92 /* macOS.entitlements */,
			);
			path = macOS;
			sourceTree = "<group>";
		};
		7024884E2674B15800C69C92 /* Tests iOS */ = {
			isa = PBXGroup;
			children = (
				7024884F2674B15800C69C92 /* Tests_iOS.swift */,
				702488512674B15800C69C92 /* Info.plist */,
			);
			path = "Tests iOS";
			sourceTree = "<group>";
		};
		702488592674B15800C69C92 /* Tests macOS */ = {
			isa = PBXGroup;
			children = (
				7024885A2674B15800C69C92 /* Tests_macOS.swift */,
				7024885C2674B15800C69C92 /* Info.plist */,
			);
			path = "Tests macOS";
			sourceTree = "<group>";
		};
/* End PBXGroup section */

/* Begin PBXNativeTarget section */
		7024883A2674B15800C69C92 /* twitter_clone_swiftui (iOS) */ = {
			isa = PBXNativeTarget;
			buildConfigurationList = 702488652674B15800C69C92 /* Build configuration list for PBXNativeTarget "twitter_clone_swiftui (iOS)" */;
			buildPhases = (
				702488372674B15800C69C92 /* Sources */,
				702488382674B15800C69C92 /* Frameworks */,
				702488392674B15800C69C92 /* Resources */,
			);
			buildRules = (
			);
			dependencies = (
			);
			name = "twitter_clone_swiftui (iOS)";
			productName = "twitter_clone_swiftui (iOS)";
			productReference = 7024883B2674B15800C69C92 /* twitter_clone_swiftui.app */;
			productType = "com.apple.product-type.application";
		};
		702488422674B15800C69C92 /* twitter_clone_swiftui (macOS) */ = {
			isa = PBXNativeTarget;
			buildConfigurationList = 702488682674B15800C69C92 /* Build configuration list for PBXNativeTarget "twitter_clone_swiftui (macOS)" */;
			buildPhases = (
				7024883F2674B15800C69C92 /* Sources */,
				702488402674B15800C69C92 /* Frameworks */,
				702488412674B15800C69C92 /* Resources */,
			);
			buildRules = (
			);
			dependencies = (
			);
			name = "twitter_clone_swiftui (macOS)";
			productName = "twitter_clone_swiftui (macOS)";
			productReference = 702488432674B15800C69C92 /* twitter_clone_swiftui.app */;
			productType = "com.apple.product-type.application";
		};
		7024884A2674B15800C69C92 /* Tests iOS */ = {
			isa = PBXNativeTarget;
			buildConfigurationList = 7024886B2674B15800C69C92 /* Build configuration list for PBXNativeTarget "Tests iOS" */;
			buildPhases = (
				702488472674B15800C69C92 /* Sources */,
				702488482674B15800C69C92 /* Frameworks */,
				702488492674B15800C69C92 /* Resources */,
			);
			buildRules = (
			);
			dependencies = (
				7024884D2674B15800C69C92 /* PBXTargetDependency */,
			);
			name = "Tests iOS";
			productName = "Tests iOS";
			productReference = 7024884B2674B15800C69C92 /* Tests iOS.xctest */;
			productType = "com.apple.product-type.bundle.ui-testing";
		};
		702488552674B15800C69C92 /* Tests macOS */ = {
			isa = PBXNativeTarget;
			buildConfigurationList = 7024886E2674B15800C69C92 /* Build configuration list for PBXNativeTarget "Tests macOS" */;
			buildPhases = (
				702488522674B15800C69C92 /* Sources */,
				702488532674B15800C69C92 /* Frameworks */,
				702488542674B15800C69C92 /* Resources */,
			);
			buildRules = (
			);
			dependencies = (
				702488582674B15800C69C92 /* PBXTargetDependency */,
			);
			name = "Tests macOS";
			productName = "Tests macOS";
			productReference = 702488562674B15800C69C92 /* Tests macOS.xctest */;
			productType = "com.apple.product-type.bundle.ui-testing";
		};
/* End PBXNativeTarget section */

/* Begin PBXProject section */
		7024882F2674B15500C69C92 /* Project object */ = {
			isa = PBXProject;
			attributes = {
				LastSwiftUpdateCheck = 1250;
				LastUpgradeCheck = 1250;
				TargetAttributes = {
					7024883A2674B15800C69C92 = {
						CreatedOnToolsVersion = 12.5;
					};
					702488422674B15800C69C92 = {
						CreatedOnToolsVersion = 12.5;
					};
					7024884A2674B15800C69C92 = {
						CreatedOnToolsVersion = 12.5;
						TestTargetID = 7024883A2674B15800C69C92;
					};
					702488552674B15800C69C92 = {
						CreatedOnToolsVersion = 12.5;
						TestTargetID = 702488422674B15800C69C92;
					};
				};
			};
			buildConfigurationList = 702488322674B15500C69C92 /* Build configuration list for PBXProject "twitter_clone_swiftui" */;
			compatibilityVersion = "Xcode 9.3";
			developmentRegion = en;
			hasScannedForEncodings = 0;
			knownRegions = (
				en,
				Base,
			);
			mainGroup = 7024882E2674B15500C69C92;
			productRefGroup = 7024883C2674B15800C69C92 /* Products */;
			projectDirPath = "";
			projectRoot = "";
			targets = (
				7024883A2674B15800C69C92 /* twitter_clone_swiftui (iOS) */,
				702488422674B15800C69C92 /* twitter_clone_swiftui (macOS) */,
				7024884A2674B15800C69C92 /* Tests iOS */,
				702488552674B15800C69C92 /* Tests macOS */,
			);
		};
/* End PBXProject section */

/* Begin PBXResourcesBuildPhase section */
		702488392674B15800C69C92 /* Resources */ = {
			isa = PBXResourcesBuildPhase;
			buildActionMask = 2147483647;
			files = (
				702488612674B15800C69C92 /* Assets.xcassets in Resources */,
			);
			runOnlyForDeploymentPostprocessing = 0;
		};
		702488412674B15800C69C92 /* Resources */ = {
			isa = PBXResourcesBuildPhase;
			buildActionMask = 2147483647;
			files = (
				702488622674B15800C69C92 /* Assets.xcassets in Resources */,
			);
			runOnlyForDeploymentPostprocessing = 0;
		};
		702488492674B15800C69C92 /* Resources */ = {
			isa = PBXResourcesBuildPhase;
			buildActionMask = 2147483647;
			files = (
			);
			runOnlyForDeploymentPostprocessing = 0;
		};
		702488542674B15800C69C92 /* Resources */ = {
			isa = PBXResourcesBuildPhase;
			buildActionMask = 2147483647;
			files = (
			);
			runOnlyForDeploymentPostprocessing = 0;
		};
/* End PBXResourcesBuildPhase section */

/* Begin PBXSourcesBuildPhase section */
		702488372674B15800C69C92 /* Sources */ = {
			isa = PBXSourcesBuildPhase;
			buildActionMask = 2147483647;
			files = (
				7024885F2674B15800C69C92 /* ContentView.swift in Sources */,
				70E48D1A268878A100A0D750 /* AppNavBar.swift in Sources */,
				7024885D2674B15800C69C92 /* twitter_clone_swiftuiApp.swift in Sources */,
			);
			runOnlyForDeploymentPostprocessing = 0;
		};
		7024883F2674B15800C69C92 /* Sources */ = {
			isa = PBXSourcesBuildPhase;
			buildActionMask = 2147483647;
			files = (
				702488602674B15800C69C92 /* ContentView.swift in Sources */,
				70E48D1B268878A100A0D750 /* AppNavBar.swift in Sources */,
				7024885E2674B15800C69C92 /* twitter_clone_swiftuiApp.swift in Sources */,
			);
			runOnlyForDeploymentPostprocessing = 0;
		};
		702488472674B15800C69C92 /* Sources */ = {
			isa = PBXSourcesBuildPhase;
			buildActionMask = 2147483647;
			files = (
				702488502674B15800C69C92 /* Tests_iOS.swift in Sources */,
			);
			runOnlyForDeploymentPostprocessing = 0;
		};
		702488522674B15800C69C92 /* Sources */ = {
			isa = PBXSourcesBuildPhase;
			buildActionMask = 2147483647;
			files = (
				7024885B2674B15800C69C92 /* Tests_macOS.swift in Sources */,
			);
			runOnlyForDeploymentPostprocessing = 0;
		};
/* End PBXSourcesBuildPhase section */

/* Begin PBXTargetDependency section */
		7024884D2674B15800C69C92 /* PBXTargetDependency */ = {
			isa = PBXTargetDependency;
			target = 7024883A2674B15800C69C92 /* twitter_clone_swiftui (iOS) */;
			targetProxy = 7024884C2674B15800C69C92 /* PBXContainerItemProxy */;
		};
		702488582674B15800C69C92 /* PBXTargetDependency */ = {
			isa = PBXTargetDependency;
			target = 702488422674B15800C69C92 /* twitter_clone_swiftui (macOS) */;
			targetProxy = 702488572674B15800C69C92 /* PBXContainerItemProxy */;
		};
/* End PBXTargetDependency section */

/* Begin XCBuildConfiguration section */
		702488632674B15800C69C92 /* Debug */ = {
			isa = XCBuildConfiguration;
			buildSettings = {
				ALWAYS_SEARCH_USER_PATHS = NO;
				CLANG_ANALYZER_NONNULL = YES;
				CLANG_ANALYZER_NUMBER_OBJECT_CONVERSION = YES_AGGRESSIVE;
				CLANG_CXX_LANGUAGE_STANDARD = "gnu++14";
				CLANG_CXX_LIBRARY = "libc++";
				CLANG_ENABLE_MODULES = YES;
				CLANG_ENABLE_OBJC_ARC = YES;
				CLANG_ENABLE_OBJC_WEAK = YES;
				CLANG_WARN_BLOCK_CAPTURE_AUTORELEASING = YES;
				CLANG_WARN_BOOL_CONVERSION = YES;
				CLANG_WARN_COMMA = YES;
				CLANG_WARN_CONSTANT_CONVERSION = YES;
				CLANG_WARN_DEPRECATED_OBJC_IMPLEMENTATIONS = YES;
				CLANG_WARN_DIRECT_OBJC_ISA_USAGE = YES_ERROR;
				CLANG_WARN_DOCUMENTATION_COMMENTS = YES;
				CLANG_WARN_EMPTY_BODY = YES;
				CLANG_WARN_ENUM_CONVERSION = YES;
				CLANG_WARN_INFINITE_RECURSION = YES;
				CLANG_WARN_INT_CONVERSION = YES;
				CLANG_WARN_NON_LITERAL_NULL_CONVERSION = YES;
				CLANG_WARN_OBJC_IMPLICIT_RETAIN_SELF = YES;
				CLANG_WARN_OBJC_LITERAL_CONVERSION = YES;
				CLANG_WARN_OBJC_ROOT_CLASS = YES_ERROR;
				CLANG_WARN_QUOTED_INCLUDE_IN_FRAMEWORK_HEADER = YES;
				CLANG_WARN_RANGE_LOOP_ANALYSIS = YES;
				CLANG_WARN_STRICT_PROTOTYPES = YES;
				CLANG_WARN_SUSPICIOUS_MOVE = YES;
				CLANG_WARN_UNGUARDED_AVAILABILITY = YES_AGGRESSIVE;
				CLANG_WARN_UNREACHABLE_CODE = YES;
				CLANG_WARN__DUPLICATE_METHOD_MATCH = YES;
				COPY_PHASE_STRIP = NO;
				DEBUG_INFORMATION_FORMAT = dwarf;
				ENABLE_STRICT_OBJC_MSGSEND = YES;
				ENABLE_TESTABILITY = YES;
				GCC_C_LANGUAGE_STANDARD = gnu11;
				GCC_DYNAMIC_NO_PIC = NO;
				GCC_NO_COMMON_BLOCKS = YES;
				GCC_OPTIMIZATION_LEVEL = 0;
				GCC_PREPROCESSOR_DEFINITIONS = (
					"DEBUG=1",
					"$(inherited)",
				);
				GCC_WARN_64_TO_32_BIT_CONVERSION = YES;
				GCC_WARN_ABOUT_RETURN_TYPE = YES_ERROR;
				GCC_WARN_UNDECLARED_SELECTOR = YES;
				GCC_WARN_UNINITIALIZED_AUTOS = YES_AGGRESSIVE;
				GCC_WARN_UNUSED_FUNCTION = YES;
				GCC_WARN_UNUSED_VARIABLE = YES;
				MTL_ENABLE_DEBUG_INFO = INCLUDE_SOURCE;
				MTL_FAST_MATH = YES;
				ONLY_ACTIVE_ARCH = YES;
				SWIFT_ACTIVE_COMPILATION_CONDITIONS = DEBUG;
				SWIFT_OPTIMIZATION_LEVEL = "-Onone";
			};
			name = Debug;
		};
		702488642674B15800C69C92 /* Release */ = {
			isa = XCBuildConfiguration;
			buildSettings = {
				ALWAYS_SEARCH_USER_PATHS = NO;
				CLANG_ANALYZER_NONNULL = YES;
				CLANG_ANALYZER_NUMBER_OBJECT_CONVERSION = YES_AGGRESSIVE;
				CLANG_CXX_LANGUAGE_STANDARD = "gnu++14";
				CLANG_CXX_LIBRARY = "libc++";
				CLANG_ENABLE_MODULES = YES;
				CLANG_ENABLE_OBJC_ARC = YES;
				CLANG_ENABLE_OBJC_WEAK = YES;
				CLANG_WARN_BLOCK_CAPTURE_AUTORELEASING = YES;
				CLANG_WARN_BOOL_CONVERSION = YES;
				CLANG_WARN_COMMA = YES;
				CLANG_WARN_CONSTANT_CONVERSION = YES;
				CLANG_WARN_DEPRECATED_OBJC_IMPLEMENTATIONS = YES;
				CLANG_WARN_DIRECT_OBJC_ISA_USAGE = YES_ERROR;
				CLANG_WARN_DOCUMENTATION_COMMENTS = YES;
				CLANG_WARN_EMPTY_BODY = YES;
				CLANG_WARN_ENUM_CONVERSION = YES;
				CLANG_WARN_INFINITE_RECURSION = YES;
				CLANG_WARN_INT_CONVERSION = YES;
				CLANG_WARN_NON_LITERAL_NULL_CONVERSION = YES;
				CLANG_WARN_OBJC_IMPLICIT_RETAIN_SELF = YES;
				CLANG_WARN_OBJC_LITERAL_CONVERSION = YES;
				CLANG_WARN_OBJC_ROOT_CLASS = YES_ERROR;
				CLANG_WARN_QUOTED_INCLUDE_IN_FRAMEWORK_HEADER = YES;
				CLANG_WARN_RANGE_LOOP_ANALYSIS = YES;
				CLANG_WARN_STRICT_PROTOTYPES = YES;
				CLANG_WARN_SUSPICIOUS_MOVE = YES;
				CLANG_WARN_UNGUARDED_AVAILABILITY = YES_AGGRESSIVE;
				CLANG_WARN_UNREACHABLE_CODE = YES;
				CLANG_WARN__DUPLICATE_METHOD_MATCH = YES;
				COPY_PHASE_STRIP = NO;
				DEBUG_INFORMATION_FORMAT = "dwarf-with-dsym";
				ENABLE_NS_ASSERTIONS = NO;
				ENABLE_STRICT_OBJC_MSGSEND = YES;
				GCC_C_LANGUAGE_STANDARD = gnu11;
				GCC_NO_COMMON_BLOCKS = YES;
				GCC_WARN_64_TO_32_BIT_CONVERSION = YES;
				GCC_WARN_ABOUT_RETURN_TYPE = YES_ERROR;
				GCC_WARN_UNDECLARED_SELECTOR = YES;
				GCC_WARN_UNINITIALIZED_AUTOS = YES_AGGRESSIVE;
				GCC_WARN_UNUSED_FUNCTION = YES;
				GCC_WARN_UNUSED_VARIABLE = YES;
				MTL_ENABLE_DEBUG_INFO = NO;
				MTL_FAST_MATH = YES;
				SWIFT_COMPILATION_MODE = wholemodule;
				SWIFT_OPTIMIZATION_LEVEL = "-O";
			};
			name = Release;
		};
		702488662674B15800C69C92 /* Debug */ = {
			isa = XCBuildConfiguration;
			buildSettings = {
				ASSETCATALOG_COMPILER_APPICON_NAME = AppIcon;
				ASSETCATALOG_COMPILER_GLOBAL_ACCENT_COLOR_NAME = AccentColor;
				CODE_SIGN_STYLE = Automatic;
				DEVELOPMENT_TEAM = 4QA8P2NACJ;
				ENABLE_PREVIEWS = YES;
				INFOPLIST_FILE = iOS/Info.plist;
				IPHONEOS_DEPLOYMENT_TARGET = 14.0;
				LD_RUNPATH_SEARCH_PATHS = (
					"$(inherited)",
					"@executable_path/Frameworks",
				);
				PRODUCT_BUNDLE_IDENTIFIER = "yuskey.twitter-clone-swiftui";
				PRODUCT_NAME = twitter_clone_swiftui;
				SDKROOT = iphoneos;
				SWIFT_VERSION = 5.0;
				TARGETED_DEVICE_FAMILY = "1,2";
			};
			name = Debug;
		};
		702488672674B15800C69C92 /* Release */ = {
			isa = XCBuildConfiguration;
			buildSettings = {
				ASSETCATALOG_COMPILER_APPICON_NAME = AppIcon;
				ASSETCATALOG_COMPILER_GLOBAL_ACCENT_COLOR_NAME = AccentColor;
				CODE_SIGN_STYLE = Automatic;
				DEVELOPMENT_TEAM = 4QA8P2NACJ;
				ENABLE_PREVIEWS = YES;
				INFOPLIST_FILE = iOS/Info.plist;
				IPHONEOS_DEPLOYMENT_TARGET = 14.0;
				LD_RUNPATH_SEARCH_PATHS = (
					"$(inherited)",
					"@executable_path/Frameworks",
				);
				PRODUCT_BUNDLE_IDENTIFIER = "yuskey.twitter-clone-swiftui";
				PRODUCT_NAME = twitter_clone_swiftui;
				SDKROOT = iphoneos;
				SWIFT_VERSION = 5.0;
				TARGETED_DEVICE_FAMILY = "1,2";
				VALIDATE_PRODUCT = YES;
			};
			name = Release;
		};
		702488692674B15800C69C92 /* Debug */ = {
			isa = XCBuildConfiguration;
			buildSettings = {
				ASSETCATALOG_COMPILER_APPICON_NAME = AppIcon;
				ASSETCATALOG_COMPILER_GLOBAL_ACCENT_COLOR_NAME = AccentColor;
				CODE_SIGN_ENTITLEMENTS = macOS/macOS.entitlements;
				CODE_SIGN_STYLE = Automatic;
				COMBINE_HIDPI_IMAGES = YES;
				DEVELOPMENT_TEAM = 4QA8P2NACJ;
				ENABLE_HARDENED_RUNTIME = YES;
				ENABLE_PREVIEWS = YES;
				INFOPLIST_FILE = macOS/Info.plist;
				LD_RUNPATH_SEARCH_PATHS = (
					"$(inherited)",
					"@executable_path/../Frameworks",
				);
				MACOSX_DEPLOYMENT_TARGET = 11.0;
				PRODUCT_BUNDLE_IDENTIFIER = "yuskey.twitter-clone-swiftui";
				PRODUCT_NAME = twitter_clone_swiftui;
				SDKROOT = macosx;
				SWIFT_VERSION = 5.0;
			};
			name = Debug;
		};
		7024886A2674B15800C69C92 /* Release */ = {
			isa = XCBuildConfiguration;
			buildSettings = {
				ASSETCATALOG_COMPILER_APPICON_NAME = AppIcon;
				ASSETCATALOG_COMPILER_GLOBAL_ACCENT_COLOR_NAME = AccentColor;
				CODE_SIGN_ENTITLEMENTS = macOS/macOS.entitlements;
				CODE_SIGN_STYLE = Automatic;
				COMBINE_HIDPI_IMAGES = YES;
				DEVELOPMENT_TEAM = 4QA8P2NACJ;
				ENABLE_HARDENED_RUNTIME = YES;
				ENABLE_PREVIEWS = YES;
				INFOPLIST_FILE = macOS/Info.plist;
				LD_RUNPATH_SEARCH_PATHS = (
					"$(inherited)",
					"@executable_path/../Frameworks",
				);
				MACOSX_DEPLOYMENT_TARGET = 11.0;
				PRODUCT_BUNDLE_IDENTIFIER = "yuskey.twitter-clone-swiftui";
				PRODUCT_NAME = twitter_clone_swiftui;
				SDKROOT = macosx;
				SWIFT_VERSION = 5.0;
			};
			name = Release;
		};
		7024886C2674B15800C69C92 /* Debug */ = {
			isa = XCBuildConfiguration;
			buildSettings = {
				ALWAYS_EMBED_SWIFT_STANDARD_LIBRARIES = YES;
				CODE_SIGN_STYLE = Automatic;
				DEVELOPMENT_TEAM = 4QA8P2NACJ;
				INFOPLIST_FILE = "Tests iOS/Info.plist";
				IPHONEOS_DEPLOYMENT_TARGET = 14.5;
				LD_RUNPATH_SEARCH_PATHS = (
					"$(inherited)",
					"@executable_path/Frameworks",
					"@loader_path/Frameworks",
				);
				PRODUCT_BUNDLE_IDENTIFIER = "yuskey.Tests-iOS";
				PRODUCT_NAME = "$(TARGET_NAME)";
				SDKROOT = iphoneos;
				SWIFT_VERSION = 5.0;
				TARGETED_DEVICE_FAMILY = "1,2";
				TEST_TARGET_NAME = "twitter_clone_swiftui (iOS)";
			};
			name = Debug;
		};
		7024886D2674B15800C69C92 /* Release */ = {
			isa = XCBuildConfiguration;
			buildSettings = {
				ALWAYS_EMBED_SWIFT_STANDARD_LIBRARIES = YES;
				CODE_SIGN_STYLE = Automatic;
				DEVELOPMENT_TEAM = 4QA8P2NACJ;
				INFOPLIST_FILE = "Tests iOS/Info.plist";
				IPHONEOS_DEPLOYMENT_TARGET = 14.5;
				LD_RUNPATH_SEARCH_PATHS = (
					"$(inherited)",
					"@executable_path/Frameworks",
					"@loader_path/Frameworks",
				);
				PRODUCT_BUNDLE_IDENTIFIER = "yuskey.Tests-iOS";
				PRODUCT_NAME = "$(TARGET_NAME)";
				SDKROOT = iphoneos;
				SWIFT_VERSION = 5.0;
				TARGETED_DEVICE_FAMILY = "1,2";
				TEST_TARGET_NAME = "twitter_clone_swiftui (iOS)";
				VALIDATE_PRODUCT = YES;
			};
			name = Release;
		};
		7024886F2674B15800C69C92 /* Debug */ = {
			isa = XCBuildConfiguration;
			buildSettings = {
				ALWAYS_EMBED_SWIFT_STANDARD_LIBRARIES = YES;
				CODE_SIGN_STYLE = Automatic;
				COMBINE_HIDPI_IMAGES = YES;
				DEVELOPMENT_TEAM = 4QA8P2NACJ;
				INFOPLIST_FILE = "Tests macOS/Info.plist";
				LD_RUNPATH_SEARCH_PATHS = (
					"$(inherited)",
					"@executable_path/../Frameworks",
					"@loader_path/../Frameworks",
				);
				MACOSX_DEPLOYMENT_TARGET = 11.3;
				PRODUCT_BUNDLE_IDENTIFIER = "yuskey.Tests-macOS";
				PRODUCT_NAME = "$(TARGET_NAME)";
				SDKROOT = macosx;
				SWIFT_VERSION = 5.0;
				TEST_TARGET_NAME = "twitter_clone_swiftui (macOS)";
			};
			name = Debug;
		};
		702488702674B15800C69C92 /* Release */ = {
			isa = XCBuildConfiguration;
			buildSettings = {
				ALWAYS_EMBED_SWIFT_STANDARD_LIBRARIES = YES;
				CODE_SIGN_STYLE = Automatic;
				COMBINE_HIDPI_IMAGES = YES;
				DEVELOPMENT_TEAM = 4QA8P2NACJ;
				INFOPLIST_FILE = "Tests macOS/Info.plist";
				LD_RUNPATH_SEARCH_PATHS = (
					"$(inherited)",
					"@executable_path/../Frameworks",
					"@loader_path/../Frameworks",
				);
				MACOSX_DEPLOYMENT_TARGET = 11.3;
				PRODUCT_BUNDLE_IDENTIFIER = "yuskey.Tests-macOS";
				PRODUCT_NAME = "$(TARGET_NAME)";
				SDKROOT = macosx;
				SWIFT_VERSION = 5.0;
				TEST_TARGET_NAME = "twitter_clone_swiftui (macOS)";
			};
			name = Release;
		};
/* End XCBuildConfiguration section */

/* Begin XCConfigurationList section */
		702488322674B15500C69C92 /* Build configuration list for PBXProject "twitter_clone_swiftui" */ = {
			isa = XCConfigurationList;
			buildConfigurations = (
				702488632674B15800C69C92 /* Debug */,
				702488642674B15800C69C92 /* Release */,
			);
			defaultConfigurationIsVisible = 0;
			defaultConfigurationName = Release;
		};
		702488652674B15800C69C92 /* Build configuration list for PBXNativeTarget "twitter_clone_swiftui (iOS)" */ = {
			isa = XCConfigurationList;
			buildConfigurations = (
				702488662674B15800C69C92 /* Debug */,
				702488672674B15800C69C92 /* Release */,
			);
			defaultConfigurationIsVisible = 0;
			defaultConfigurationName = Release;
		};
		702488682674B15800C69C92 /* Build configuration list for PBXNativeTarget "twitter_clone_swiftui (macOS)" */ = {
			isa = XCConfigurationList;
			buildConfigurations = (
				702488692674B15800C69C92 /* Debug */,
				7024886A2674B15800C69C92 /* Release */,
			);
			defaultConfigurationIsVisible = 0;
			defaultConfigurationName = Release;
		};
		7024886B2674B15800C69C92 /* Build configuration list for PBXNativeTarget "Tests iOS" */ = {
			isa = XCConfigurationList;
			buildConfigurations = (
				7024886C2674B15800C69C92 /* Debug */,
				7024886D2674B15800C69C92 /* Release */,
			);
			defaultConfigurationIsVisible = 0;
			defaultConfigurationName = Release;
		};
		7024886E2674B15800C69C92 /* Build configuration list for PBXNativeTarget "Tests macOS" */ = {
			isa = XCConfigurationList;
			buildConfigurations = (
				7024886F2674B15800C69C92 /* Debug */,
				702488702674B15800C69C92 /* Release */,
			);
			defaultConfigurationIsVisible = 0;
			defaultConfigurationName = Release;
		};
/* End XCConfigurationList section */
	};
	rootObject = 7024882F2674B15500C69C92 /* Project object */;
}
